
Microsoft Visual Studio Solution File, Format Version 12.00
# Visual Studio Version 17
VisualStudioVersion = 17.9.34701.34
MinimumVisualStudioVersion = 10.0.40219.1
Project("{9A19103F-16F7-4668-BE54-9A1E7A4F7556}") = "eCommerce application", "eCommerce application\eCommerce application.csproj", "{737D29AB-0DEC-4932-9170-9E4950F2C379}"
EndProject
Project("{FAE04EC0-301F-11D3-BF4B-00C04F79EFBC}") = "ProductTests", "ProductTests\ProductTests.csproj", "{4594BA72-5A92-4FD9-91D8-C53CA8CC08BD}"
EndProject
Global
	GlobalSection(SolutionConfigurationPlatforms) = preSolution
		Debug|Any CPU = Debug|Any CPU
		Release|Any CPU = Release|Any CPU
	EndGlobalSection
	GlobalSection(ProjectConfigurationPlatforms) = postSolution
		{737D29AB-0DEC-4932-9170-9E4950F2C379}.Debug|Any CPU.ActiveCfg = Debug|Any CPU
		{737D29AB-0DEC-4932-9170-9E4950F2C379}.Debug|Any CPU.Build.0 = Debug|Any CPU
		{737D29AB-0DEC-4932-9170-9E4950F2C379}.Release|Any CPU.ActiveCfg = Release|Any CPU
		{737D29AB-0DEC-4932-9170-9E4950F2C379}.Release|Any CPU.Build.0 = Release|Any CPU
		{4594BA72-5A92-4FD9-91D8-C53CA8CC08BD}.Debug|Any CPU.ActiveCfg = Debug|Any CPU
		{4594BA72-5A92-4FD9-91D8-C53CA8CC08BD}.Debug|Any CPU.Build.0 = Debug|Any CPU
		{4594BA72-5A92-4FD9-91D8-C53CA8CC08BD}.Release|Any CPU.ActiveCfg = Release|Any CPU
		{4594BA72-5A92-4FD9-91D8-C53CA8CC08BD}.Release|Any CPU.Build.0 = Release|Any CPU
	EndGlobalSection
	GlobalSection(SolutionProperties) = preSolution
		HideSolutionNode = FALSE
	EndGlobalSection
	GlobalSection(ExtensibilityGlobals) = postSolution
		SolutionGuid = {B4DF3F07-0266-4AB3-9785-2911C121FC75}
	EndGlobalSection
EndGlobal
